
Microsoft Visual Studio Solution File, Format Version 12.00
# Visual Studio 15
VisualStudioVersion = 15.0.27130.2036
MinimumVisualStudioVersion = 10.0.40219.1
Project("{FAE04EC0-301F-11D3-BF4B-00C04F79EFBC}") = "WindowsFormsApp1", "WindowsFormsApp1\WindowsFormsApp1.csproj", "{4100D35B-68B6-4A00-A241-5C06F55C150F}"
EndProject
Global
	GlobalSection(SolutionConfigurationPlatforms) = preSolution
		Debug|Any CPU = Debug|Any CPU
		Release|Any CPU = Release|Any CPU
	EndGlobalSection
	GlobalSection(ProjectConfigurationPlatforms) = postSolution
		{4100D35B-68B6-4A00-A241-5C06F55C150F}.Debug|Any CPU.ActiveCfg = Debug|Any CPU
		{4100D35B-68B6-4A00-A241-5C06F55C150F}.Debug|Any CPU.Build.0 = Debug|Any CPU
		{4100D35B-68B6-4A00-A241-5C06F55C150F}.Release|Any CPU.ActiveCfg = Release|Any CPU
		{4100D35B-68B6-4A00-A241-5C06F55C150F}.Release|Any CPU.Build.0 = Release|Any CPU
	EndGlobalSection
	GlobalSection(SolutionProperties) = preSolution
		HideSolutionNode = FALSE
	EndGlobalSection
	GlobalSection(ExtensibilityGlobals) = postSolution
		SolutionGuid = {8425C87B-1DD6-472E-B95A-4FD903F68C6A}
	EndGlobalSection
EndGlobal
